
Microsoft Visual Studio Solution File, Format Version 12.00
# Visual Studio Version 17
VisualStudioVersion = 17.4.33122.133
MinimumVisualStudioVersion = 10.0.40219.1
Project("{FAE04EC0-301F-11D3-BF4B-00C04F79EFBC}") = "PLayer", "PLayer\PLayer.csproj", "{AA1A6E09-64D1-4397-AF60-51EBBF011DA4}"
EndProject
Global
	GlobalSection(SolutionConfigurationPlatforms) = preSolution
		Debug|Any CPU = Debug|Any CPU
		Release|Any CPU = Release|Any CPU
	EndGlobalSection
	GlobalSection(ProjectConfigurationPlatforms) = postSolution
		{AA1A6E09-64D1-4397-AF60-51EBBF011DA4}.Debug|Any CPU.ActiveCfg = Debug|Any CPU
		{AA1A6E09-64D1-4397-AF60-51EBBF011DA4}.Debug|Any CPU.Build.0 = Debug|Any CPU
		{AA1A6E09-64D1-4397-AF60-51EBBF011DA4}.Release|Any CPU.ActiveCfg = Release|Any CPU
		{AA1A6E09-64D1-4397-AF60-51EBBF011DA4}.Release|Any CPU.Build.0 = Release|Any CPU
	EndGlobalSection
	GlobalSection(SolutionProperties) = preSolution
		HideSolutionNode = FALSE
	EndGlobalSection
	GlobalSection(ExtensibilityGlobals) = postSolution
		SolutionGuid = {EE6F2BEF-86A6-4B36-B25A-C177CBD0E8E4}
	EndGlobalSection
EndGlobal
